// !$*UTF8*$!
{
	archiveVersion = 1;
	classes = {
	};
	objectVersion = 56;
	objects = {

/* Begin PBXBuildFile section */
		33B3046C2B849B0B0057152A /* WeatherDemoApp.swift in Sources */ = {isa = PBXBuildFile; fileRef = 33B3046B2B849B0B0057152A /* WeatherDemoApp.swift */; };
		33B3046E2B849B0B0057152A /* ContentView.swift in Sources */ = {isa = PBXBuildFile; fileRef = 33B3046D2B849B0B0057152A /* ContentView.swift */; };
		33B304702B849B100057152A /* Assets.xcassets in Resources */ = {isa = PBXBuildFile; fileRef = 33B3046F2B849B100057152A /* Assets.xcassets */; };
		33B304732B849B100057152A /* Preview Assets.xcassets in Resources */ = {isa = PBXBuildFile; fileRef = 33B304722B849B100057152A /* Preview Assets.xcassets */; };
		33B3047B2B849C490057152A /* LocationManager.swift in Sources */ = {isa = PBXBuildFile; fileRef = 33B3047A2B849C490057152A /* LocationManager.swift */; };
		33B3047E2B84A1580057152A /* WelcomeView.swift in Sources */ = {isa = PBXBuildFile; fileRef = 33B3047D2B84A1580057152A /* WelcomeView.swift */; };
		33B304802B84A3560057152A /* LoadingView.swift in Sources */ = {isa = PBXBuildFile; fileRef = 33B3047F2B84A3550057152A /* LoadingView.swift */; };
		33B304822B84A9F40057152A /* WeatherManager.swift in Sources */ = {isa = PBXBuildFile; fileRef = 33B304812B84A9F40057152A /* WeatherManager.swift */; };
		33B3048C2B84F22C0057152A /* WeatherView.swift in Sources */ = {isa = PBXBuildFile; fileRef = 33B3048B2B84F22C0057152A /* WeatherView.swift */; };
		33B3048E2B84F2860057152A /* ModelData.swift in Sources */ = {isa = PBXBuildFile; fileRef = 33B3048D2B84F2860057152A /* ModelData.swift */; };
		33B304902B84F55C0057152A /* weatherData.json in Resources */ = {isa = PBXBuildFile; fileRef = 33B3048F2B84F55C0057152A /* weatherData.json */; };
		33B304922B84F94E0057152A /* Extensions.swift in Sources */ = {isa = PBXBuildFile; fileRef = 33B304912B84F94E0057152A /* Extensions.swift */; };
		33B304952B8517C60057152A /* WeatherRow.swift in Sources */ = {isa = PBXBuildFile; fileRef = 33B304942B8517C60057152A /* WeatherRow.swift */; };
/* End PBXBuildFile section */

/* Begin PBXFileReference section */
		33B304682B849B0B0057152A /* WeatherDemo.app */ = {isa = PBXFileReference; explicitFileType = wrapper.application; includeInIndex = 0; path = WeatherDemo.app; sourceTree = BUILT_PRODUCTS_DIR; };
		33B3046B2B849B0B0057152A /* WeatherDemoApp.swift */ = {isa = PBXFileReference; lastKnownFileType = sourcecode.swift; path = WeatherDemoApp.swift; sourceTree = "<group>"; };
		33B3046D2B849B0B0057152A /* ContentView.swift */ = {isa = PBXFileReference; lastKnownFileType = sourcecode.swift; path = ContentView.swift; sourceTree = "<group>"; };
		33B3046F2B849B100057152A /* Assets.xcassets */ = {isa = PBXFileReference; lastKnownFileType = folder.assetcatalog; path = Assets.xcassets; sourceTree = "<group>"; };
		33B304722B849B100057152A /* Preview Assets.xcassets */ = {isa = PBXFileReference; lastKnownFileType = folder.assetcatalog; path = "Preview Assets.xcassets"; sourceTree = "<group>"; };
		33B3047A2B849C490057152A /* LocationManager.swift */ = {isa = PBXFileReference; lastKnownFileType = sourcecode.swift; path = LocationManager.swift; sourceTree = "<group>"; };
		33B3047D2B84A1580057152A /* WelcomeView.swift */ = {isa = PBXFileReference; lastKnownFileType = sourcecode.swift; path = WelcomeView.swift; sourceTree = "<group>"; };
		33B3047F2B84A3550057152A /* LoadingView.swift */ = {isa = PBXFileReference; lastKnownFileType = sourcecode.swift; path = LoadingView.swift; sourceTree = "<group>"; };
		33B304812B84A9F40057152A /* WeatherManager.swift */ = {isa = PBXFileReference; lastKnownFileType = sourcecode.swift; path = WeatherManager.swift; sourceTree = "<group>"; };
		33B3048B2B84F22C0057152A /* WeatherView.swift */ = {isa = PBXFileReference; lastKnownFileType = sourcecode.swift; path = WeatherView.swift; sourceTree = "<group>"; };
		33B3048D2B84F2860057152A /* ModelData.swift */ = {isa = PBXFileReference; lastKnownFileType = sourcecode.swift; path = ModelData.swift; sourceTree = "<group>"; };
		33B3048F2B84F55C0057152A /* weatherData.json */ = {isa = PBXFileReference; lastKnownFileType = text.json; path = weatherData.json; sourceTree = "<group>"; };
		33B304912B84F94E0057152A /* Extensions.swift */ = {isa = PBXFileReference; lastKnownFileType = sourcecode.swift; path = Extensions.swift; sourceTree = "<group>"; };
		33B304942B8517C60057152A /* WeatherRow.swift */ = {isa = PBXFileReference; lastKnownFileType = sourcecode.swift; path = WeatherRow.swift; sourceTree = "<group>"; };
/* End PBXFileReference section */

/* Begin PBXFrameworksBuildPhase section */
		33B304652B849B0B0057152A /* Frameworks */ = {
			isa = PBXFrameworksBuildPhase;
			buildActionMask = 2147483647;
			files = (
			);
			runOnlyForDeploymentPostprocessing = 0;
		};
/* End PBXFrameworksBuildPhase section */

/* Begin PBXGroup section */
		33B3045F2B849B0B0057152A = {
			isa = PBXGroup;
			children = (
				33B3046A2B849B0B0057152A /* WeatherDemo */,
				33B304692B849B0B0057152A /* Products */,
			);
			sourceTree = "<group>";
		};
		33B304692B849B0B0057152A /* Products */ = {
			isa = PBXGroup;
			children = (
				33B304682B849B0B0057152A /* WeatherDemo.app */,
			);
			name = Products;
			sourceTree = "<group>";
		};
		33B3046A2B849B0B0057152A /* WeatherDemo */ = {
			isa = PBXGroup;
			children = (
				33B3046B2B849B0B0057152A /* WeatherDemoApp.swift */,
				33B3047C2B84A10B0057152A /* Views */,
				33B304792B849C3D0057152A /* Managers */,
				33B304932B8517B70057152A /* Components */,
				33B304912B84F94E0057152A /* Extensions.swift */,
				33B3046F2B849B100057152A /* Assets.xcassets */,
				33B304712B849B100057152A /* Preview Content */,
			);
			path = WeatherDemo;
			sourceTree = "<group>";
		};
		33B304712B849B100057152A /* Preview Content */ = {
			isa = PBXGroup;
			children = (
				33B304722B849B100057152A /* Preview Assets.xcassets */,
				33B3048D2B84F2860057152A /* ModelData.swift */,
				33B3048F2B84F55C0057152A /* weatherData.json */,
			);
			path = "Preview Content";
			sourceTree = "<group>";
		};
		33B304792B849C3D0057152A /* Managers */ = {
			isa = PBXGroup;
			children = (
				33B3047A2B849C490057152A /* LocationManager.swift */,
				33B304812B84A9F40057152A /* WeatherManager.swift */,
			);
			path = Managers;
			sourceTree = "<group>";
		};
		33B3047C2B84A10B0057152A /* Views */ = {
			isa = PBXGroup;
			children = (
				33B3046D2B849B0B0057152A /* ContentView.swift */,
				33B3047F2B84A3550057152A /* LoadingView.swift */,
				33B3047D2B84A1580057152A /* WelcomeView.swift */,
				33B3048B2B84F22C0057152A /* WeatherView.swift */,
			);
			path = Views;
			sourceTree = "<group>";
		};
		33B304932B8517B70057152A /* Components */ = {
			isa = PBXGroup;
			children = (
				33B304942B8517C60057152A /* WeatherRow.swift */,
			);
			path = Components;
			sourceTree = "<group>";
		};
/* End PBXGroup section */

/* Begin PBXNativeTarget section */
		33B304672B849B0B0057152A /* WeatherDemo */ = {
			isa = PBXNativeTarget;
			buildConfigurationList = 33B304762B849B100057152A /* Build configuration list for PBXNativeTarget "WeatherDemo" */;
			buildPhases = (
				33B304642B849B0B0057152A /* Sources */,
				33B304652B849B0B0057152A /* Frameworks */,
				33B304662B849B0B0057152A /* Resources */,
			);
			buildRules = (
			);
			dependencies = (
			);
			name = WeatherDemo;
			productName = WeatherDemo;
			productReference = 33B304682B849B0B0057152A /* WeatherDemo.app */;
			productType = "com.apple.product-type.application";
		};
/* End PBXNativeTarget section */

/* Begin PBXProject section */
		33B304602B849B0B0057152A /* Project object */ = {
			isa = PBXProject;
			attributes = {
				BuildIndependentTargetsInParallel = 1;
				LastSwiftUpdateCheck = 1520;
				LastUpgradeCheck = 1520;
				TargetAttributes = {
					33B304672B849B0B0057152A = {
						CreatedOnToolsVersion = 15.2;
					};
				};
			};
			buildConfigurationList = 33B304632B849B0B0057152A /* Build configuration list for PBXProject "WeatherDemo" */;
			compatibilityVersion = "Xcode 14.0";
			developmentRegion = en;
			hasScannedForEncodings = 0;
			knownRegions = (
				en,
				Base,
			);
			mainGroup = 33B3045F2B849B0B0057152A;
			productRefGroup = 33B304692B849B0B0057152A /* Products */;
			projectDirPath = "";
			projectRoot = "";
			targets = (
				33B304672B849B0B0057152A /* WeatherDemo */,
			);
		};
/* End PBXProject section */

/* Begin PBXResourcesBuildPhase section */
		33B304662B849B0B0057152A /* Resources */ = {
			isa = PBXResourcesBuildPhase;
			buildActionMask = 2147483647;
			files = (
				33B304732B849B100057152A /* Preview Assets.xcassets in Resources */,
				33B304902B84F55C0057152A /* weatherData.json in Resources */,
				33B304702B849B100057152A /* Assets.xcassets in Resources */,
			);
			runOnlyForDeploymentPostprocessing = 0;
		};
/* End PBXResourcesBuildPhase section */

/* Begin PBXSourcesBuildPhase section */
		33B304642B849B0B0057152A /* Sources */ = {
			isa = PBXSourcesBuildPhase;
			buildActionMask = 2147483647;
			files = (
				33B304822B84A9F40057152A /* WeatherManager.swift in Sources */,
				33B304922B84F94E0057152A /* Extensions.swift in Sources */,
				33B3046E2B849B0B0057152A /* ContentView.swift in Sources */,
				33B3046C2B849B0B0057152A /* WeatherDemoApp.swift in Sources */,
				33B3047B2B849C490057152A /* LocationManager.swift in Sources */,
				33B304952B8517C60057152A /* WeatherRow.swift in Sources */,
				33B304802B84A3560057152A /* LoadingView.swift in Sources */,
				33B3048E2B84F2860057152A /* ModelData.swift in Sources */,
				33B3048C2B84F22C0057152A /* WeatherView.swift in Sources */,
				33B3047E2B84A1580057152A /* WelcomeView.swift in Sources */,
			);
			runOnlyForDeploymentPostprocessing = 0;
		};
/* End PBXSourcesBuildPhase section */

/* Begin XCBuildConfiguration section */
		33B304742B849B100057152A /* Debug */ = {
			isa = XCBuildConfiguration;
			buildSettings = {
				ALWAYS_SEARCH_USER_PATHS = NO;
				ASSETCATALOG_COMPILER_GENERATE_SWIFT_ASSET_SYMBOL_EXTENSIONS = YES;
				CLANG_ANALYZER_NONNULL = YES;
				CLANG_ANALYZER_NUMBER_OBJECT_CONVERSION = YES_AGGRESSIVE;
				CLANG_CXX_LANGUAGE_STANDARD = "gnu++20";
				CLANG_ENABLE_MODULES = YES;
				CLANG_ENABLE_OBJC_ARC = YES;
				CLANG_ENABLE_OBJC_WEAK = YES;
				CLANG_WARN_BLOCK_CAPTURE_AUTORELEASING = YES;
				CLANG_WARN_BOOL_CONVERSION = YES;
				CLANG_WARN_COMMA = YES;
				CLANG_WARN_CONSTANT_CONVERSION = YES;
				CLANG_WARN_DEPRECATED_OBJC_IMPLEMENTATIONS = YES;
				CLANG_WARN_DIRECT_OBJC_ISA_USAGE = YES_ERROR;
				CLANG_WARN_DOCUMENTATION_COMMENTS = YES;
				CLANG_WARN_EMPTY_BODY = YES;
				CLANG_WARN_ENUM_CONVERSION = YES;
				CLANG_WARN_INFINITE_RECURSION = YES;
				CLANG_WARN_INT_CONVERSION = YES;
				CLANG_WARN_NON_LITERAL_NULL_CONVERSION = YES;
				CLANG_WARN_OBJC_IMPLICIT_RETAIN_SELF = YES;
				CLANG_WARN_OBJC_LITERAL_CONVERSION = YES;
				CLANG_WARN_OBJC_ROOT_CLASS = YES_ERROR;
				CLANG_WARN_QUOTED_INCLUDE_IN_FRAMEWORK_HEADER = YES;
				CLANG_WARN_RANGE_LOOP_ANALYSIS = YES;
				CLANG_WARN_STRICT_PROTOTYPES = YES;
				CLANG_WARN_SUSPICIOUS_MOVE = YES;
				CLANG_WARN_UNGUARDED_AVAILABILITY = YES_AGGRESSIVE;
				CLANG_WARN_UNREACHABLE_CODE = YES;
				CLANG_WARN__DUPLICATE_METHOD_MATCH = YES;
				COPY_PHASE_STRIP = NO;
				DEBUG_INFORMATION_FORMAT = dwarf;
				ENABLE_STRICT_OBJC_MSGSEND = YES;
				ENABLE_TESTABILITY = YES;
				ENABLE_USER_SCRIPT_SANDBOXING = YES;
				GCC_C_LANGUAGE_STANDARD = gnu17;
				GCC_DYNAMIC_NO_PIC = NO;
				GCC_NO_COMMON_BLOCKS = YES;
				GCC_OPTIMIZATION_LEVEL = 0;
				GCC_PREPROCESSOR_DEFINITIONS = (
					"DEBUG=1",
					"$(inherited)",
				);
				GCC_WARN_64_TO_32_BIT_CONVERSION = YES;
				GCC_WARN_ABOUT_RETURN_TYPE = YES_ERROR;
				GCC_WARN_UNDECLARED_SELECTOR = YES;
				GCC_WARN_UNINITIALIZED_AUTOS = YES_AGGRESSIVE;
				GCC_WARN_UNUSED_FUNCTION = YES;
				GCC_WARN_UNUSED_VARIABLE = YES;
				IPHONEOS_DEPLOYMENT_TARGET = 17.2;
				LOCALIZATION_PREFERS_STRING_CATALOGS = YES;
				MTL_ENABLE_DEBUG_INFO = INCLUDE_SOURCE;
				MTL_FAST_MATH = YES;
				ONLY_ACTIVE_ARCH = YES;
				SDKROOT = iphoneos;
				SWIFT_ACTIVE_COMPILATION_CONDITIONS = "DEBUG $(inherited)";
				SWIFT_OPTIMIZATION_LEVEL = "-Onone";
			};
			name = Debug;
		};
		33B304752B849B100057152A /* Release */ = {
			isa = XCBuildConfiguration;
			buildSettings = {
				ALWAYS_SEARCH_USER_PATHS = NO;
				ASSETCATALOG_COMPILER_GENERATE_SWIFT_ASSET_SYMBOL_EXTENSIONS = YES;
				CLANG_ANALYZER_NONNULL = YES;
				CLANG_ANALYZER_NUMBER_OBJECT_CONVERSION = YES_AGGRESSIVE;
				CLANG_CXX_LANGUAGE_STANDARD = "gnu++20";
				CLANG_ENABLE_MODULES = YES;
				CLANG_ENABLE_OBJC_ARC = YES;
				CLANG_ENABLE_OBJC_WEAK = YES;
				CLANG_WARN_BLOCK_CAPTURE_AUTORELEASING = YES;
				CLANG_WARN_BOOL_CONVERSION = YES;
				CLANG_WARN_COMMA = YES;
				CLANG_WARN_CONSTANT_CONVERSION = YES;
				CLANG_WARN_DEPRECATED_OBJC_IMPLEMENTATIONS = YES;
				CLANG_WARN_DIRECT_OBJC_ISA_USAGE = YES_ERROR;
				CLANG_WARN_DOCUMENTATION_COMMENTS = YES;
				CLANG_WARN_EMPTY_BODY = YES;
				CLANG_WARN_ENUM_CONVERSION = YES;
				CLANG_WARN_INFINITE_RECURSION = YES;
				CLANG_WARN_INT_CONVERSION = YES;
				CLANG_WARN_NON_LITERAL_NULL_CONVERSION = YES;
				CLANG_WARN_OBJC_IMPLICIT_RETAIN_SELF = YES;
				CLANG_WARN_OBJC_LITERAL_CONVERSION = YES;
				CLANG_WARN_OBJC_ROOT_CLASS = YES_ERROR;
				CLANG_WARN_QUOTED_INCLUDE_IN_FRAMEWORK_HEADER = YES;
				CLANG_WARN_RANGE_LOOP_ANALYSIS = YES;
				CLANG_WARN_STRICT_PROTOTYPES = YES;
				CLANG_WARN_SUSPICIOUS_MOVE = YES;
				CLANG_WARN_UNGUARDED_AVAILABILITY = YES_AGGRESSIVE;
				CLANG_WARN_UNREACHABLE_CODE = YES;
				CLANG_WARN__DUPLICATE_METHOD_MATCH = YES;
				COPY_PHASE_STRIP = NO;
				DEBUG_INFORMATION_FORMAT = "dwarf-with-dsym";
				ENABLE_NS_ASSERTIONS = NO;
				ENABLE_STRICT_OBJC_MSGSEND = YES;
				ENABLE_USER_SCRIPT_SANDBOXING = YES;
				GCC_C_LANGUAGE_STANDARD = gnu17;
				GCC_NO_COMMON_BLOCKS = YES;
				GCC_WARN_64_TO_32_BIT_CONVERSION = YES;
				GCC_WARN_ABOUT_RETURN_TYPE = YES_ERROR;
				GCC_WARN_UNDECLARED_SELECTOR = YES;
				GCC_WARN_UNINITIALIZED_AUTOS = YES_AGGRESSIVE;
				GCC_WARN_UNUSED_FUNCTION = YES;
				GCC_WARN_UNUSED_VARIABLE = YES;
				IPHONEOS_DEPLOYMENT_TARGET = 17.2;
				LOCALIZATION_PREFERS_STRING_CATALOGS = YES;
				MTL_ENABLE_DEBUG_INFO = NO;
				MTL_FAST_MATH = YES;
				SDKROOT = iphoneos;
				SWIFT_COMPILATION_MODE = wholemodule;
				VALIDATE_PRODUCT = YES;
			};
			name = Release;
		};
		33B304772B849B100057152A /* Debug */ = {
			isa = XCBuildConfiguration;
			buildSettings = {
				ASSETCATALOG_COMPILER_APPICON_NAME = AppIcon;
				ASSETCATALOG_COMPILER_GLOBAL_ACCENT_COLOR_NAME = AccentColor;
				CODE_SIGN_STYLE = Automatic;
				CURRENT_PROJECT_VERSION = 1;
				DEVELOPMENT_ASSET_PATHS = "\"WeatherDemo/Preview Content\"";
				DEVELOPMENT_TEAM = TXZ76G94KG;
				ENABLE_PREVIEWS = YES;
				GENERATE_INFOPLIST_FILE = YES;
				INFOPLIST_KEY_UIApplicationSceneManifest_Generation = YES;
				INFOPLIST_KEY_UIApplicationSupportsIndirectInputEvents = YES;
				INFOPLIST_KEY_UILaunchScreen_Generation = YES;
				INFOPLIST_KEY_UISupportedInterfaceOrientations_iPad = "UIInterfaceOrientationPortrait UIInterfaceOrientationPortraitUpsideDown UIInterfaceOrientationLandscapeLeft UIInterfaceOrientationLandscapeRight";
				INFOPLIST_KEY_UISupportedInterfaceOrientations_iPhone = "UIInterfaceOrientationPortrait UIInterfaceOrientationLandscapeLeft UIInterfaceOrientationLandscapeRight";
				LD_RUNPATH_SEARCH_PATHS = (
					"$(inherited)",
					"@executable_path/Frameworks",
				);
				MARKETING_VERSION = 1.0;
				PRODUCT_BUNDLE_IDENTIFIER = com.cerengunes.WeatherDemo;
				PRODUCT_NAME = "$(TARGET_NAME)";
				SWIFT_EMIT_LOC_STRINGS = YES;
				SWIFT_VERSION = 5.0;
				TARGETED_DEVICE_FAMILY = "1,2";
			};
			name = Debug;
		};
		33B304782B849B100057152A /* Release */ = {
			isa = XCBuildConfiguration;
			buildSettings = {
				ASSETCATALOG_COMPILER_APPICON_NAME = AppIcon;
				ASSETCATALOG_COMPILER_GLOBAL_ACCENT_COLOR_NAME = AccentColor;
				CODE_SIGN_STYLE = Automatic;
				CURRENT_PROJECT_VERSION = 1;
				DEVELOPMENT_ASSET_PATHS = "\"WeatherDemo/Preview Content\"";
				DEVELOPMENT_TEAM = TXZ76G94KG;
				ENABLE_PREVIEWS = YES;
				GENERATE_INFOPLIST_FILE = YES;
				INFOPLIST_KEY_UIApplicationSceneManifest_Generation = YES;
				INFOPLIST_KEY_UIApplicationSupportsIndirectInputEvents = YES;
				INFOPLIST_KEY_UILaunchScreen_Generation = YES;
				INFOPLIST_KEY_UISupportedInterfaceOrientations_iPad = "UIInterfaceOrientationPortrait UIInterfaceOrientationPortraitUpsideDown UIInterfaceOrientationLandscapeLeft UIInterfaceOrientationLandscapeRight";
				INFOPLIST_KEY_UISupportedInterfaceOrientations_iPhone = "UIInterfaceOrientationPortrait UIInterfaceOrientationLandscapeLeft UIInterfaceOrientationLandscapeRight";
				LD_RUNPATH_SEARCH_PATHS = (
					"$(inherited)",
					"@executable_path/Frameworks",
				);
				MARKETING_VERSION = 1.0;
				PRODUCT_BUNDLE_IDENTIFIER = com.cerengunes.WeatherDemo;
				PRODUCT_NAME = "$(TARGET_NAME)";
				SWIFT_EMIT_LOC_STRINGS = YES;
				SWIFT_VERSION = 5.0;
				TARGETED_DEVICE_FAMILY = "1,2";
			};
			name = Release;
		};
/* End XCBuildConfiguration section */

/* Begin XCConfigurationList section */
		33B304632B849B0B0057152A /* Build configuration list for PBXProject "WeatherDemo" */ = {
			isa = XCConfigurationList;
			buildConfigurations = (
				33B304742B849B100057152A /* Debug */,
				33B304752B849B100057152A /* Release */,
			);
			defaultConfigurationIsVisible = 0;
			defaultConfigurationName = Release;
		};
		33B304762B849B100057152A /* Build configuration list for PBXNativeTarget "WeatherDemo" */ = {
			isa = XCConfigurationList;
			buildConfigurations = (
				33B304772B849B100057152A /* Debug */,
				33B304782B849B100057152A /* Release */,
			);
			defaultConfigurationIsVisible = 0;
			defaultConfigurationName = Release;
		};
/* End XCConfigurationList section */
	};
	rootObject = 33B304602B849B0B0057152A /* Project object */;
}
